{
    "version": 3,
    "terraform_version": "0.8.8",
    "serial": 8,
    "lineage": "63607040-63dc-4c5c-aa46-3d85aa3319e7",
    "modules": [
        {
            "path": [
                "root"
            ],
            "outputs": {
                "dcos_url": {
                    "sensitive": false,
                    "type": "string",
                    "value": "http://54.154.135.23"
                },
                "exhibitor_url": {
                    "sensitive": false,
                    "type": "string",
                    "value": "http://54.154.135.23:8181"
                }
            },
            "resources": {
                "aws_instance.agent-public": {
                    "type": "aws_instance",
                    "depends_on": [
                        "aws_security_group.agent-public",
                        "aws_security_group.base",
                        "aws_security_group.dcos",
                        "aws_subnet.public"
                    ],
                    "primary": {
                        "id": "i-0be5d9c947775b5c5",
                        "attributes": {
                            "ami": "ami-4829072e",
                            "associate_public_ip_address": "true",
                            "availability_zone": "eu-west-1b",
                            "disable_api_termination": "false",
                            "ebs_block_device.#": "0",
                            "ebs_optimized": "false",
                            "ephemeral_block_device.#": "0",
                            "iam_instance_profile": "",
                            "id": "i-0be5d9c947775b5c5",
                            "instance_state": "running",
                            "instance_type": "m3.xlarge",
                            "ipv6_address_count": "0",
                            "ipv6_addresses.#": "0",
                            "key_name": "tfmpay",
                            "monitoring": "false",
                            "network_interface_id": "eni-fea675ad",
                            "private_dns": "ip-10-0-0-51.eu-west-1.compute.internal",
                            "private_ip": "10.0.0.51",
                            "public_dns": "ec2-54-194-139-233.eu-west-1.compute.amazonaws.com",
                            "public_ip": "54.194.139.233",
                            "root_block_device.#": "1",
                            "root_block_device.0.delete_on_termination": "true",
                            "root_block_device.0.iops": "0",
                            "root_block_device.0.volume_size": "8",
                            "root_block_device.0.volume_type": "standard",
                            "security_groups.#": "0",
                            "source_dest_check": "true",
                            "subnet_id": "subnet-85540ddd",
                            "tags.%": "2",
                            "tags.Cluster": "dcos-ftw",
                            "tags.Name": "agent-public-0",
                            "tenancy": "default",
                            "vpc_security_group_ids.#": "3",
                            "vpc_security_group_ids.2701123133": "sg-4e31cd37",
                            "vpc_security_group_ids.42864047": "sg-5431cd2d",
                            "vpc_security_group_ids.983405496": "sg-5531cd2c"
                        },
                        "meta": {
                            "schema_version": "1"
                        },
                        "tainted": false
                    },
                    "deposed": [],
                    "provider": ""
                },
                "aws_instance.agent.0": {
                    "type": "aws_instance",
                    "depends_on": [
                        "aws_security_group.agent",
                        "aws_security_group.base",
                        "aws_security_group.dcos",
                        "aws_subnet.public"
                    ],
                    "primary": {
                        "id": "i-0defa1a7bb0e66962",
                        "attributes": {
                            "ami": "ami-4829072e",
                            "associate_public_ip_address": "true",
                            "availability_zone": "eu-west-1b",
                            "disable_api_termination": "false",
                            "ebs_block_device.#": "0",
                            "ebs_optimized": "false",
                            "ephemeral_block_device.#": "0",
                            "iam_instance_profile": "",
                            "id": "i-0defa1a7bb0e66962",
                            "instance_state": "running",
                            "instance_type": "m3.xlarge",
                            "ipv6_address_count": "0",
                            "ipv6_addresses.#": "0",
                            "key_name": "tfmpay",
                            "monitoring": "false",
                            "network_interface_id": "eni-d2ab7881",
                            "private_dns": "ip-10-0-0-249.eu-west-1.compute.internal",
                            "private_ip": "10.0.0.249",
                            "public_dns": "ec2-54-154-199-148.eu-west-1.compute.amazonaws.com",
                            "public_ip": "54.154.199.148",
                            "root_block_device.#": "1",
                            "root_block_device.0.delete_on_termination": "true",
                            "root_block_device.0.iops": "0",
                            "root_block_device.0.volume_size": "8",
                            "root_block_device.0.volume_type": "standard",
                            "security_groups.#": "0",
                            "source_dest_check": "true",
                            "subnet_id": "subnet-85540ddd",
                            "tags.%": "2",
                            "tags.Cluster": "dcos-ftw",
                            "tags.Name": "agent-0",
                            "tenancy": "default",
                            "vpc_security_group_ids.#": "3",
                            "vpc_security_group_ids.3859870774": "sg-4f31cd36",
                            "vpc_security_group_ids.42864047": "sg-5431cd2d",
                            "vpc_security_group_ids.983405496": "sg-5531cd2c"
                        },
                        "meta": {
                            "schema_version": "1"
                        },
                        "tainted": false
                    },
                    "deposed": [],
                    "provider": ""
                },
                "aws_instance.agent.1": {
                    "type": "aws_instance",
                    "depends_on": [
                        "aws_security_group.agent",
                        "aws_security_group.base",
                        "aws_security_group.dcos",
                        "aws_subnet.public"
                    ],
                    "primary": {
                        "id": "i-0f96dfbed677d119c",
                        "attributes": {
                            "ami": "ami-4829072e",
                            "associate_public_ip_address": "true",
                            "availability_zone": "eu-west-1b",
                            "disable_api_termination": "false",
                            "ebs_block_device.#": "0",
                            "ebs_optimized": "false",
                            "ephemeral_block_device.#": "0",
                            "iam_instance_profile": "",
                            "id": "i-0f96dfbed677d119c",
                            "instance_state": "running",
                            "instance_type": "m3.xlarge",
                            "ipv6_address_count": "0",
                            "ipv6_addresses.#": "0",
                            "key_name": "tfmpay",
                            "monitoring": "false",
                            "network_interface_id": "eni-fcbe6daf",
                            "private_dns": "ip-10-0-0-153.eu-west-1.compute.internal",
                            "private_ip": "10.0.0.153",
                            "public_dns": "ec2-54-154-1-131.eu-west-1.compute.amazonaws.com",
                            "public_ip": "54.154.1.131",
                            "root_block_device.#": "1",
                            "root_block_device.0.delete_on_termination": "true",
                            "root_block_device.0.iops": "0",
                            "root_block_device.0.volume_size": "8",
                            "root_block_device.0.volume_type": "standard",
                            "security_groups.#": "0",
                            "source_dest_check": "true",
                            "subnet_id": "subnet-85540ddd",
                            "tags.%": "2",
                            "tags.Cluster": "dcos-ftw",
                            "tags.Name": "agent-1",
                            "tenancy": "default",
                            "vpc_security_group_ids.#": "3",
                            "vpc_security_group_ids.3859870774": "sg-4f31cd36",
                            "vpc_security_group_ids.42864047": "sg-5431cd2d",
                            "vpc_security_group_ids.983405496": "sg-5531cd2c"
                        },
                        "meta": {
                            "schema_version": "1"
                        },
                        "tainted": false
                    },
                    "deposed": [],
                    "provider": ""
                },
                "aws_instance.agent.2": {
                    "type": "aws_instance",
                    "depends_on": [
                        "aws_security_group.agent",
                        "aws_security_group.base",
                        "aws_security_group.dcos",
                        "aws_subnet.public"
                    ],
                    "primary": {
                        "id": "i-04036042b7194e9ce",
                        "attributes": {
                            "ami": "ami-4829072e",
                            "associate_public_ip_address": "true",
                            "availability_zone": "eu-west-1b",
                            "disable_api_termination": "false",
                            "ebs_block_device.#": "0",
                            "ebs_optimized": "false",
                            "ephemeral_block_device.#": "0",
                            "iam_instance_profile": "",
                            "id": "i-04036042b7194e9ce",
                            "instance_state": "running",
                            "instance_type": "m3.xlarge",
                            "ipv6_address_count": "0",
                            "ipv6_addresses.#": "0",
                            "key_name": "tfmpay",
                            "monitoring": "false",
                            "network_interface_id": "eni-95a172c6",
                            "private_dns": "ip-10-0-0-12.eu-west-1.compute.internal",
                            "private_ip": "10.0.0.12",
                            "public_dns": "ec2-54-77-246-17.eu-west-1.compute.amazonaws.com",
                            "public_ip": "54.77.246.17",
                            "root_block_device.#": "1",
                            "root_block_device.0.delete_on_termination": "true",
                            "root_block_device.0.iops": "0",
                            "root_block_device.0.volume_size": "8",
                            "root_block_device.0.volume_type": "standard",
                            "security_groups.#": "0",
                            "source_dest_check": "true",
                            "subnet_id": "subnet-85540ddd",
                            "tags.%": "2",
                            "tags.Cluster": "dcos-ftw",
                            "tags.Name": "agent-2",
                            "tenancy": "default",
                            "vpc_security_group_ids.#": "3",
                            "vpc_security_group_ids.3859870774": "sg-4f31cd36",
                            "vpc_security_group_ids.42864047": "sg-5431cd2d",
                            "vpc_security_group_ids.983405496": "sg-5531cd2c"
                        },
                        "meta": {
                            "schema_version": "1"
                        },
                        "tainted": false
                    },
                    "deposed": [],
                    "provider": ""
                },
                "aws_instance.agent.3": {
                    "type": "aws_instance",
                    "depends_on": [
                        "aws_security_group.agent",
                        "aws_security_group.base",
                        "aws_security_group.dcos",
                        "aws_subnet.public"
                    ],
                    "primary": {
                        "id": "i-011d4331df9a6de0e",
                        "attributes": {
                            "ami": "ami-4829072e",
                            "associate_public_ip_address": "true",
                            "availability_zone": "eu-west-1b",
                            "disable_api_termination": "false",
                            "ebs_block_device.#": "0",
                            "ebs_optimized": "false",
                            "ephemeral_block_device.#": "0",
                            "iam_instance_profile": "",
                            "id": "i-011d4331df9a6de0e",
                            "instance_state": "running",
                            "instance_type": "m3.xlarge",
                            "ipv6_address_count": "0",
                            "ipv6_addresses.#": "0",
                            "key_name": "tfmpay",
                            "monitoring": "false",
                            "network_interface_id": "eni-63a57630",
                            "private_dns": "ip-10-0-0-214.eu-west-1.compute.internal",
                            "private_ip": "10.0.0.214",
                            "public_dns": "ec2-54-194-100-145.eu-west-1.compute.amazonaws.com",
                            "public_ip": "54.194.100.145",
                            "root_block_device.#": "1",
                            "root_block_device.0.delete_on_termination": "true",
                            "root_block_device.0.iops": "0",
                            "root_block_device.0.volume_size": "8",
                            "root_block_device.0.volume_type": "standard",
                            "security_groups.#": "0",
                            "source_dest_check": "true",
                            "subnet_id": "subnet-85540ddd",
                            "tags.%": "2",
                            "tags.Cluster": "dcos-ftw",
                            "tags.Name": "agent-3",
                            "tenancy": "default",
                            "vpc_security_group_ids.#": "3",
                            "vpc_security_group_ids.3859870774": "sg-4f31cd36",
                            "vpc_security_group_ids.42864047": "sg-5431cd2d",
                            "vpc_security_group_ids.983405496": "sg-5531cd2c"
                        },
                        "meta": {
                            "schema_version": "1"
                        },
                        "tainted": false
                    },
                    "deposed": [],
                    "provider": ""
                },
                "aws_instance.agent.4": {
                    "type": "aws_instance",
                    "depends_on": [
                        "aws_security_group.agent",
                        "aws_security_group.base",
                        "aws_security_group.dcos",
                        "aws_subnet.public"
                    ],
                    "primary": {
                        "id": "i-03335acebf2382f3f",
                        "attributes": {
                            "ami": "ami-4829072e",
                            "associate_public_ip_address": "true",
                            "availability_zone": "eu-west-1b",
                            "disable_api_termination": "false",
                            "ebs_block_device.#": "0",
                            "ebs_optimized": "false",
                            "ephemeral_block_device.#": "0",
                            "iam_instance_profile": "",
                            "id": "i-03335acebf2382f3f",
                            "instance_state": "running",
                            "instance_type": "m3.xlarge",
                            "ipv6_address_count": "0",
                            "ipv6_addresses.#": "0",
                            "key_name": "tfmpay",
                            "monitoring": "false",
                            "network_interface_id": "eni-acab78ff",
                            "private_dns": "ip-10-0-0-202.eu-west-1.compute.internal",
                            "private_ip": "10.0.0.202",
                            "public_dns": "ec2-54-194-123-5.eu-west-1.compute.amazonaws.com",
                            "public_ip": "54.194.123.5",
                            "root_block_device.#": "1",
                            "root_block_device.0.delete_on_termination": "true",
                            "root_block_device.0.iops": "0",
                            "root_block_device.0.volume_size": "8",
                            "root_block_device.0.volume_type": "standard",
                            "security_groups.#": "0",
                            "source_dest_check": "true",
                            "subnet_id": "subnet-85540ddd",
                            "tags.%": "2",
                            "tags.Cluster": "dcos-ftw",
                            "tags.Name": "agent-4",
                            "tenancy": "default",
                            "vpc_security_group_ids.#": "3",
                            "vpc_security_group_ids.3859870774": "sg-4f31cd36",
                            "vpc_security_group_ids.42864047": "sg-5431cd2d",
                            "vpc_security_group_ids.983405496": "sg-5531cd2c"
                        },
                        "meta": {
                            "schema_version": "1"
                        },
                        "tainted": false
                    },
                    "deposed": [],
                    "provider": ""
                },
                "aws_instance.agent.5": {
                    "type": "aws_instance",
                    "depends_on": [
                        "aws_security_group.agent",
                        "aws_security_group.base",
                        "aws_security_group.dcos",
                        "aws_subnet.public"
                    ],
                    "primary": {
                        "id": "i-07dd35c4e6098e9d3",
                        "attributes": {
                            "ami": "ami-4829072e",
                            "associate_public_ip_address": "true",
                            "availability_zone": "eu-west-1b",
                            "disable_api_termination": "false",
                            "ebs_block_device.#": "0",
                            "ebs_optimized": "false",
                            "ephemeral_block_device.#": "0",
                            "iam_instance_profile": "",
                            "id": "i-07dd35c4e6098e9d3",
                            "instance_state": "running",
                            "instance_type": "m3.xlarge",
                            "ipv6_address_count": "0",
                            "ipv6_addresses.#": "0",
                            "key_name": "tfmpay",
                            "monitoring": "false",
                            "network_interface_id": "eni-0baa7958",
                            "private_dns": "ip-10-0-0-134.eu-west-1.compute.internal",
                            "private_ip": "10.0.0.134",
                            "public_dns": "ec2-54-194-125-28.eu-west-1.compute.amazonaws.com",
                            "public_ip": "54.194.125.28",
                            "root_block_device.#": "1",
                            "root_block_device.0.delete_on_termination": "true",
                            "root_block_device.0.iops": "0",
                            "root_block_device.0.volume_size": "8",
                            "root_block_device.0.volume_type": "standard",
                            "security_groups.#": "0",
                            "source_dest_check": "true",
                            "subnet_id": "subnet-85540ddd",
                            "tags.%": "2",
                            "tags.Cluster": "dcos-ftw",
                            "tags.Name": "agent-5",
                            "tenancy": "default",
                            "vpc_security_group_ids.#": "3",
                            "vpc_security_group_ids.3859870774": "sg-4f31cd36",
                            "vpc_security_group_ids.42864047": "sg-5431cd2d",
                            "vpc_security_group_ids.983405496": "sg-5531cd2c"
                        },
                        "meta": {
                            "schema_version": "1"
                        },
                        "tainted": false
                    },
                    "deposed": [],
                    "provider": ""
                },
                "aws_instance.agent.6": {
                    "type": "aws_instance",
                    "depends_on": [
                        "aws_security_group.agent",
                        "aws_security_group.base",
                        "aws_security_group.dcos",
                        "aws_subnet.public"
                    ],
                    "primary": {
                        "id": "i-05fcb6fc3d96bcec4",
                        "attributes": {
                            "ami": "ami-4829072e",
                            "associate_public_ip_address": "true",
                            "availability_zone": "eu-west-1b",
                            "disable_api_termination": "false",
                            "ebs_block_device.#": "0",
                            "ebs_optimized": "false",
                            "ephemeral_block_device.#": "0",
                            "iam_instance_profile": "",
                            "id": "i-05fcb6fc3d96bcec4",
                            "instance_state": "running",
                            "instance_type": "m3.xlarge",
                            "ipv6_address_count": "0",
                            "ipv6_addresses.#": "0",
                            "key_name": "tfmpay",
                            "monitoring": "false",
                            "network_interface_id": "eni-9ba172c8",
                            "private_dns": "ip-10-0-0-115.eu-west-1.compute.internal",
                            "private_ip": "10.0.0.115",
                            "public_dns": "ec2-54-194-109-8.eu-west-1.compute.amazonaws.com",
                            "public_ip": "54.194.109.8",
                            "root_block_device.#": "1",
                            "root_block_device.0.delete_on_termination": "true",
                            "root_block_device.0.iops": "0",
                            "root_block_device.0.volume_size": "8",
                            "root_block_device.0.volume_type": "standard",
                            "security_groups.#": "0",
                            "source_dest_check": "true",
                            "subnet_id": "subnet-85540ddd",
                            "tags.%": "2",
                            "tags.Cluster": "dcos-ftw",
                            "tags.Name": "agent-6",
                            "tenancy": "default",
                            "vpc_security_group_ids.#": "3",
                            "vpc_security_group_ids.3859870774": "sg-4f31cd36",
                            "vpc_security_group_ids.42864047": "sg-5431cd2d",
                            "vpc_security_group_ids.983405496": "sg-5531cd2c"
                        },
                        "meta": {
                            "schema_version": "1"
                        },
                        "tainted": false
                    },
                    "deposed": [],
                    "provider": ""
                },
                "aws_instance.agent.7": {
                    "type": "aws_instance",
                    "depends_on": [
                        "aws_security_group.agent",
                        "aws_security_group.base",
                        "aws_security_group.dcos",
                        "aws_subnet.public"
                    ],
                    "primary": {
                        "id": "i-0b4ed1453fc763759",
                        "attributes": {
                            "ami": "ami-4829072e",
                            "associate_public_ip_address": "true",
                            "availability_zone": "eu-west-1b",
                            "disable_api_termination": "false",
                            "ebs_block_device.#": "0",
                            "ebs_optimized": "false",
                            "ephemeral_block_device.#": "0",
                            "iam_instance_profile": "",
                            "id": "i-0b4ed1453fc763759",
                            "instance_state": "running",
                            "instance_type": "m3.xlarge",
                            "ipv6_address_count": "0",
                            "ipv6_addresses.#": "0",
                            "key_name": "tfmpay",
                            "monitoring": "false",
                            "network_interface_id": "eni-cfa2719c",
                            "private_dns": "ip-10-0-0-124.eu-west-1.compute.internal",
                            "private_ip": "10.0.0.124",
                            "public_dns": "ec2-54-154-69-105.eu-west-1.compute.amazonaws.com",
                            "public_ip": "54.154.69.105",
                            "root_block_device.#": "1",
                            "root_block_device.0.delete_on_termination": "true",
                            "root_block_device.0.iops": "0",
                            "root_block_device.0.volume_size": "8",
                            "root_block_device.0.volume_type": "standard",
                            "security_groups.#": "0",
                            "source_dest_check": "true",
                            "subnet_id": "subnet-85540ddd",
                            "tags.%": "2",
                            "tags.Cluster": "dcos-ftw",
                            "tags.Name": "agent-7",
                            "tenancy": "default",
                            "vpc_security_group_ids.#": "3",
                            "vpc_security_group_ids.3859870774": "sg-4f31cd36",
                            "vpc_security_group_ids.42864047": "sg-5431cd2d",
                            "vpc_security_group_ids.983405496": "sg-5531cd2c"
                        },
                        "meta": {
                            "schema_version": "1"
                        },
                        "tainted": false
                    },
                    "deposed": [],
                    "provider": ""
                },
                "aws_instance.agent.8": {
                    "type": "aws_instance",
                    "depends_on": [
                        "aws_security_group.agent",
                        "aws_security_group.base",
                        "aws_security_group.dcos",
                        "aws_subnet.public"
                    ],
                    "primary": {
                        "id": "i-05dacb7b93bb14c18",
                        "attributes": {
                            "ami": "ami-4829072e",
                            "associate_public_ip_address": "true",
                            "availability_zone": "eu-west-1b",
                            "disable_api_termination": "false",
                            "ebs_block_device.#": "0",
                            "ebs_optimized": "false",
                            "ephemeral_block_device.#": "0",
                            "iam_instance_profile": "",
                            "id": "i-05dacb7b93bb14c18",
                            "instance_state": "running",
                            "instance_type": "m3.xlarge",
                            "ipv6_address_count": "0",
                            "ipv6_addresses.#": "0",
                            "key_name": "tfmpay",
                            "monitoring": "false",
                            "network_interface_id": "eni-88a073db",
                            "private_dns": "ip-10-0-0-197.eu-west-1.compute.internal",
                            "private_ip": "10.0.0.197",
                            "public_dns": "ec2-54-194-183-39.eu-west-1.compute.amazonaws.com",
                            "public_ip": "54.194.183.39",
                            "root_block_device.#": "1",
                            "root_block_device.0.delete_on_termination": "true",
                            "root_block_device.0.iops": "0",
                            "root_block_device.0.volume_size": "8",
                            "root_block_device.0.volume_type": "standard",
                            "security_groups.#": "0",
                            "source_dest_check": "true",
                            "subnet_id": "subnet-85540ddd",
                            "tags.%": "2",
                            "tags.Cluster": "dcos-ftw",
                            "tags.Name": "agent-8",
                            "tenancy": "default",
                            "vpc_security_group_ids.#": "3",
                            "vpc_security_group_ids.3859870774": "sg-4f31cd36",
                            "vpc_security_group_ids.42864047": "sg-5431cd2d",
                            "vpc_security_group_ids.983405496": "sg-5531cd2c"
                        },
                        "meta": {
                            "schema_version": "1"
                        },
                        "tainted": false
                    },
                    "deposed": [],
                    "provider": ""
                },
                "aws_instance.agent.9": {
                    "type": "aws_instance",
                    "depends_on": [
                        "aws_security_group.agent",
                        "aws_security_group.base",
                        "aws_security_group.dcos",
                        "aws_subnet.public"
                    ],
                    "primary": {
                        "id": "i-025c9c77ac474a8c8",
                        "attributes": {
                            "ami": "ami-4829072e",
                            "associate_public_ip_address": "true",
                            "availability_zone": "eu-west-1b",
                            "disable_api_termination": "false",
                            "ebs_block_device.#": "0",
                            "ebs_optimized": "false",
                            "ephemeral_block_device.#": "0",
                            "iam_instance_profile": "",
                            "id": "i-025c9c77ac474a8c8",
                            "instance_state": "running",
                            "instance_type": "m3.xlarge",
                            "ipv6_address_count": "0",
                            "ipv6_addresses.#": "0",
                            "key_name": "tfmpay",
                            "monitoring": "false",
                            "network_interface_id": "eni-a4a774f7",
                            "private_dns": "ip-10-0-0-66.eu-west-1.compute.internal",
                            "private_ip": "10.0.0.66",
                            "public_dns": "ec2-54-194-197-167.eu-west-1.compute.amazonaws.com",
                            "public_ip": "54.194.197.167",
                            "root_block_device.#": "1",
                            "root_block_device.0.delete_on_termination": "true",
                            "root_block_device.0.iops": "0",
                            "root_block_device.0.volume_size": "8",
                            "root_block_device.0.volume_type": "standard",
                            "security_groups.#": "0",
                            "source_dest_check": "true",
                            "subnet_id": "subnet-85540ddd",
                            "tags.%": "2",
                            "tags.Cluster": "dcos-ftw",
                            "tags.Name": "agent-9",
                            "tenancy": "default",
                            "vpc_security_group_ids.#": "3",
                            "vpc_security_group_ids.3859870774": "sg-4f31cd36",
                            "vpc_security_group_ids.42864047": "sg-5431cd2d",
                            "vpc_security_group_ids.983405496": "sg-5531cd2c"
                        },
                        "meta": {
                            "schema_version": "1"
                        },
                        "tainted": false
                    },
                    "deposed": [],
                    "provider": ""
                },
                "aws_instance.bootstrap": {
                    "type": "aws_instance",
                    "depends_on": [
                        "aws_security_group.base",
                        "aws_security_group.bootstrap",
                        "aws_subnet.public"
                    ],
                    "primary": {
                        "id": "i-0e4f0c68790b2770b",
                        "attributes": {
                            "ami": "ami-4829072e",
                            "associate_public_ip_address": "true",
                            "availability_zone": "eu-west-1b",
                            "disable_api_termination": "false",
                            "ebs_block_device.#": "0",
                            "ebs_optimized": "false",
                            "ephemeral_block_device.#": "0",
                            "iam_instance_profile": "",
                            "id": "i-0e4f0c68790b2770b",
                            "instance_state": "running",
                            "instance_type": "m3.medium",
                            "ipv6_address_count": "0",
                            "ipv6_addresses.#": "0",
                            "key_name": "tfmpay",
                            "monitoring": "false",
                            "network_interface_id": "eni-b8a576eb",
                            "private_dns": "ip-10-0-0-170.eu-west-1.compute.internal",
                            "private_ip": "10.0.0.170",
                            "public_dns": "ec2-54-171-173-113.eu-west-1.compute.amazonaws.com",
                            "public_ip": "54.171.173.113",
                            "root_block_device.#": "1",
                            "root_block_device.0.delete_on_termination": "true",
                            "root_block_device.0.iops": "0",
                            "root_block_device.0.volume_size": "8",
                            "root_block_device.0.volume_type": "standard",
                            "security_groups.#": "0",
                            "source_dest_check": "true",
                            "subnet_id": "subnet-85540ddd",
                            "tags.%": "2",
                            "tags.Cluster": "dcos-ftw",
                            "tags.Name": "bootstrap",
                            "tenancy": "default",
                            "vpc_security_group_ids.#": "2",
                            "vpc_security_group_ids.2676065331": "sg-4d31cd34",
                            "vpc_security_group_ids.42864047": "sg-5431cd2d"
                        },
                        "meta": {
                            "schema_version": "1"
                        },
                        "tainted": false
                    },
                    "deposed": [],
                    "provider": ""
                },
                "aws_instance.master": {
                    "type": "aws_instance",
                    "depends_on": [
                        "aws_security_group.base",
                        "aws_security_group.dcos",
                        "aws_security_group.master",
                        "aws_subnet.public"
                    ],
                    "primary": {
                        "id": "i-092c794d333edc8cc",
                        "attributes": {
                            "ami": "ami-4829072e",
                            "associate_public_ip_address": "true",
                            "availability_zone": "eu-west-1b",
                            "disable_api_termination": "false",
                            "ebs_block_device.#": "0",
                            "ebs_optimized": "false",
                            "ephemeral_block_device.#": "0",
                            "iam_instance_profile": "",
                            "id": "i-092c794d333edc8cc",
                            "instance_state": "running",
                            "instance_type": "m3.medium",
                            "ipv6_address_count": "0",
                            "ipv6_addresses.#": "0",
                            "key_name": "tfmpay",
                            "monitoring": "false",
                            "network_interface_id": "eni-6da4773e",
                            "private_dns": "ip-10-0-0-230.eu-west-1.compute.internal",
                            "private_ip": "10.0.0.230",
                            "public_dns": "ec2-54-154-135-23.eu-west-1.compute.amazonaws.com",
                            "public_ip": "54.154.135.23",
                            "root_block_device.#": "1",
                            "root_block_device.0.delete_on_termination": "true",
                            "root_block_device.0.iops": "0",
                            "root_block_device.0.volume_size": "8",
                            "root_block_device.0.volume_type": "standard",
                            "security_groups.#": "0",
                            "source_dest_check": "true",
                            "subnet_id": "subnet-85540ddd",
                            "tags.%": "2",
                            "tags.Cluster": "dcos-ftw",
                            "tags.Name": "master-0",
                            "tenancy": "default",
                            "vpc_security_group_ids.#": "3",
                            "vpc_security_group_ids.42864047": "sg-5431cd2d",
                            "vpc_security_group_ids.757172779": "sg-4c31cd35",
                            "vpc_security_group_ids.983405496": "sg-5531cd2c"
                        },
                        "meta": {
                            "schema_version": "1"
                        },
                        "tainted": false
                    },
                    "deposed": [],
                    "provider": ""
                },
                "aws_internet_gateway.main": {
                    "type": "aws_internet_gateway",
                    "depends_on": [
                        "aws_vpc.main"
                    ],
                    "primary": {
                        "id": "igw-d9ea6ebd",
                        "attributes": {
                            "id": "igw-d9ea6ebd",
                            "tags.%": "1",
                            "tags.Name": "dcos-ftw",
                            "vpc_id": "vpc-1916037d"
                        },
                        "meta": {},
                        "tainted": false
                    },
                    "deposed": [],
                    "provider": ""
                },
                "aws_route.public_internet": {
                    "type": "aws_route",
                    "depends_on": [
                        "aws_internet_gateway.main",
                        "aws_route_table.public"
                    ],
                    "primary": {
                        "id": "r-rtb-cb49e2ac1080289494",
                        "attributes": {
                            "destination_cidr_block": "0.0.0.0/0",
                            "destination_prefix_list_id": "",
                            "gateway_id": "igw-d9ea6ebd",
                            "id": "r-rtb-cb49e2ac1080289494",
                            "instance_id": "",
                            "instance_owner_id": "",
                            "nat_gateway_id": "",
                            "network_interface_id": "",
                            "origin": "CreateRoute",
                            "route_table_id": "rtb-cb49e2ac",
                            "state": "active",
                            "vpc_peering_connection_id": ""
                        },
                        "meta": {},
                        "tainted": false
                    },
                    "deposed": [],
                    "provider": ""
                },
                "aws_route53_record.agent-public": {
                    "type": "aws_route53_record",
                    "depends_on": [
                        "aws_instance.agent-public",
                        "aws_route53_zone.internal"
                    ],
                    "primary": {
                        "id": "Z1W500Z0TX2I7B_agent-public-0_A",
                        "attributes": {
                            "fqdn": "agent-public-0.dcos-ftw.local",
                            "health_check_id": "",
                            "id": "Z1W500Z0TX2I7B_agent-public-0_A",
                            "name": "agent-public-0",
                            "records.#": "1",
                            "records.2391807628": "10.0.0.51",
                            "set_identifier": "",
                            "ttl": "300",
                            "type": "A",
                            "zone_id": "Z1W500Z0TX2I7B"
                        },
                        "meta": {
                            "schema_version": "2"
                        },
                        "tainted": false
                    },
                    "deposed": [],
                    "provider": ""
                },
                "aws_route53_record.agent.0": {
                    "type": "aws_route53_record",
                    "depends_on": [
                        "aws_instance.agent",
                        "aws_route53_zone.internal"
                    ],
                    "primary": {
                        "id": "Z1W500Z0TX2I7B_agent-0_A",
                        "attributes": {
                            "fqdn": "agent-0.dcos-ftw.local",
                            "health_check_id": "",
                            "id": "Z1W500Z0TX2I7B_agent-0_A",
                            "name": "agent-0",
                            "records.#": "1",
                            "records.297785944": "10.0.0.249",
                            "set_identifier": "",
                            "ttl": "300",
                            "type": "A",
                            "zone_id": "Z1W500Z0TX2I7B"
                        },
                        "meta": {
                            "schema_version": "2"
                        },
                        "tainted": false
                    },
                    "deposed": [],
                    "provider": ""
                },
                "aws_route53_record.agent.1": {
                    "type": "aws_route53_record",
                    "depends_on": [
                        "aws_instance.agent",
                        "aws_route53_zone.internal"
                    ],
                    "primary": {
                        "id": "Z1W500Z0TX2I7B_agent-1_A",
                        "attributes": {
                            "fqdn": "agent-1.dcos-ftw.local",
                            "health_check_id": "",
                            "id": "Z1W500Z0TX2I7B_agent-1_A",
                            "name": "agent-1",
                            "records.#": "1",
                            "records.3929521246": "10.0.0.153",
                            "set_identifier": "",
                            "ttl": "300",
                            "type": "A",
                            "zone_id": "Z1W500Z0TX2I7B"
                        },
                        "meta": {
                            "schema_version": "2"
                        },
                        "tainted": false
                    },
                    "deposed": [],
                    "provider": ""
                },
                "aws_route53_record.agent.2": {
                    "type": "aws_route53_record",
                    "depends_on": [
                        "aws_instance.agent",
                        "aws_route53_zone.internal"
                    ],
                    "primary": {
                        "id": "Z1W500Z0TX2I7B_agent-2_A",
                        "attributes": {
                            "fqdn": "agent-2.dcos-ftw.local",
                            "health_check_id": "",
                            "id": "Z1W500Z0TX2I7B_agent-2_A",
                            "name": "agent-2",
                            "records.#": "1",
                            "records.1945469490": "10.0.0.12",
                            "set_identifier": "",
                            "ttl": "300",
                            "type": "A",
                            "zone_id": "Z1W500Z0TX2I7B"
                        },
                        "meta": {
                            "schema_version": "2"
                        },
                        "tainted": false
                    },
                    "deposed": [],
                    "provider": ""
                },
                "aws_route53_record.agent.3": {
                    "type": "aws_route53_record",
                    "depends_on": [
                        "aws_instance.agent",
                        "aws_route53_zone.internal"
                    ],
                    "primary": {
                        "id": "Z1W500Z0TX2I7B_agent-3_A",
                        "attributes": {
                            "fqdn": "agent-3.dcos-ftw.local",
                            "health_check_id": "",
                            "id": "Z1W500Z0TX2I7B_agent-3_A",
                            "name": "agent-3",
                            "records.#": "1",
                            "records.309940896": "10.0.0.214",
                            "set_identifier": "",
                            "ttl": "300",
                            "type": "A",
                            "zone_id": "Z1W500Z0TX2I7B"
                        },
                        "meta": {
                            "schema_version": "2"
                        },
                        "tainted": false
                    },
                    "deposed": [],
                    "provider": ""
                },
                "aws_route53_record.agent.4": {
                    "type": "aws_route53_record",
                    "depends_on": [
                        "aws_instance.agent",
                        "aws_route53_zone.internal"
                    ],
                    "primary": {
                        "id": "Z1W500Z0TX2I7B_agent-4_A",
                        "attributes": {
                            "fqdn": "agent-4.dcos-ftw.local",
                            "health_check_id": "",
                            "id": "Z1W500Z0TX2I7B_agent-4_A",
                            "name": "agent-4",
                            "records.#": "1",
                            "records.3791767252": "10.0.0.202",
                            "set_identifier": "",
                            "ttl": "300",
                            "type": "A",
                            "zone_id": "Z1W500Z0TX2I7B"
                        },
                        "meta": {
                            "schema_version": "2"
                        },
                        "tainted": false
                    },
                    "deposed": [],
                    "provider": ""
                },
                "aws_route53_record.agent.5": {
                    "type": "aws_route53_record",
                    "depends_on": [
                        "aws_instance.agent",
                        "aws_route53_zone.internal"
                    ],
                    "primary": {
                        "id": "Z1W500Z0TX2I7B_agent-5_A",
                        "attributes": {
                            "fqdn": "agent-5.dcos-ftw.local",
                            "health_check_id": "",
                            "id": "Z1W500Z0TX2I7B_agent-5_A",
                            "name": "agent-5",
                            "records.#": "1",
                            "records.571051643": "10.0.0.134",
                            "set_identifier": "",
                            "ttl": "300",
                            "type": "A",
                            "zone_id": "Z1W500Z0TX2I7B"
                        },
                        "meta": {
                            "schema_version": "2"
                        },
                        "tainted": false
                    },
                    "deposed": [],
                    "provider": ""
                },
                "aws_route53_record.agent.6": {
                    "type": "aws_route53_record",
                    "depends_on": [
                        "aws_instance.agent",
                        "aws_route53_zone.internal"
                    ],
                    "primary": {
                        "id": "Z1W500Z0TX2I7B_agent-6_A",
                        "attributes": {
                            "fqdn": "agent-6.dcos-ftw.local",
                            "health_check_id": "",
                            "id": "Z1W500Z0TX2I7B_agent-6_A",
                            "name": "agent-6",
                            "records.#": "1",
                            "records.1731779695": "10.0.0.115",
                            "set_identifier": "",
                            "ttl": "300",
                            "type": "A",
                            "zone_id": "Z1W500Z0TX2I7B"
                        },
                        "meta": {
                            "schema_version": "2"
                        },
                        "tainted": false
                    },
                    "deposed": [],
                    "provider": ""
                },
                "aws_route53_record.agent.7": {
                    "type": "aws_route53_record",
                    "depends_on": [
                        "aws_instance.agent",
                        "aws_route53_zone.internal"
                    ],
                    "primary": {
                        "id": "Z1W500Z0TX2I7B_agent-7_A",
                        "attributes": {
                            "fqdn": "agent-7.dcos-ftw.local",
                            "health_check_id": "",
                            "id": "Z1W500Z0TX2I7B_agent-7_A",
                            "name": "agent-7",
                            "records.#": "1",
                            "records.991084346": "10.0.0.124",
                            "set_identifier": "",
                            "ttl": "300",
                            "type": "A",
                            "zone_id": "Z1W500Z0TX2I7B"
                        },
                        "meta": {
                            "schema_version": "2"
                        },
                        "tainted": false
                    },
                    "deposed": [],
                    "provider": ""
                },
                "aws_route53_record.agent.8": {
                    "type": "aws_route53_record",
                    "depends_on": [
                        "aws_instance.agent",
                        "aws_route53_zone.internal"
                    ],
                    "primary": {
                        "id": "Z1W500Z0TX2I7B_agent-8_A",
                        "attributes": {
                            "fqdn": "agent-8.dcos-ftw.local",
                            "health_check_id": "",
                            "id": "Z1W500Z0TX2I7B_agent-8_A",
                            "name": "agent-8",
                            "records.#": "1",
                            "records.1106196299": "10.0.0.197",
                            "set_identifier": "",
                            "ttl": "300",
                            "type": "A",
                            "zone_id": "Z1W500Z0TX2I7B"
                        },
                        "meta": {
                            "schema_version": "2"
                        },
                        "tainted": false
                    },
                    "deposed": [],
                    "provider": ""
                },
                "aws_route53_record.agent.9": {
                    "type": "aws_route53_record",
                    "depends_on": [
                        "aws_instance.agent",
                        "aws_route53_zone.internal"
                    ],
                    "primary": {
                        "id": "Z1W500Z0TX2I7B_agent-9_A",
                        "attributes": {
                            "fqdn": "agent-9.dcos-ftw.local",
                            "health_check_id": "",
                            "id": "Z1W500Z0TX2I7B_agent-9_A",
                            "name": "agent-9",
                            "records.#": "1",
                            "records.1004130540": "10.0.0.66",
                            "set_identifier": "",
                            "ttl": "300",
                            "type": "A",
                            "zone_id": "Z1W500Z0TX2I7B"
                        },
                        "meta": {
                            "schema_version": "2"
                        },
                        "tainted": false
                    },
                    "deposed": [],
                    "provider": ""
                },
                "aws_route53_record.bootstrap": {
                    "type": "aws_route53_record",
                    "depends_on": [
                        "aws_instance.bootstrap",
                        "aws_route53_zone.internal"
                    ],
                    "primary": {
                        "id": "Z1W500Z0TX2I7B_bootstrap_A",
                        "attributes": {
                            "fqdn": "bootstrap.dcos-ftw.local",
                            "health_check_id": "",
                            "id": "Z1W500Z0TX2I7B_bootstrap_A",
                            "name": "bootstrap",
                            "records.#": "1",
                            "records.1091080038": "10.0.0.170",
                            "set_identifier": "",
                            "ttl": "300",
                            "type": "A",
                            "zone_id": "Z1W500Z0TX2I7B"
                        },
                        "meta": {
                            "schema_version": "2"
                        },
                        "tainted": false
                    },
                    "deposed": [],
                    "provider": ""
                },
                "aws_route53_record.master": {
                    "type": "aws_route53_record",
                    "depends_on": [
                        "aws_instance.master",
                        "aws_route53_zone.internal"
                    ],
                    "primary": {
                        "id": "Z1W500Z0TX2I7B_master-0_A",
                        "attributes": {
                            "fqdn": "master-0.dcos-ftw.local",
                            "health_check_id": "",
                            "id": "Z1W500Z0TX2I7B_master-0_A",
                            "name": "master-0",
                            "records.#": "1",
                            "records.656602171": "10.0.0.230",
                            "set_identifier": "",
                            "ttl": "300",
                            "type": "A",
                            "zone_id": "Z1W500Z0TX2I7B"
                        },
                        "meta": {
                            "schema_version": "2"
                        },
                        "tainted": false
                    },
                    "deposed": [],
                    "provider": ""
                },
                "aws_route53_zone.internal": {
                    "type": "aws_route53_zone",
                    "depends_on": [
                        "aws_vpc.main"
                    ],
                    "primary": {
                        "id": "Z1W500Z0TX2I7B",
                        "attributes": {
                            "comment": "Managed by Terraform",
                            "force_destroy": "false",
                            "id": "Z1W500Z0TX2I7B",
                            "name": "dcos-ftw.local",
                            "name_servers.#": "4",
                            "name_servers.0": "ns-0.awsdns-00.com.",
                            "name_servers.1": "ns-1024.awsdns-00.org.",
                            "name_servers.2": "ns-1536.awsdns-00.co.uk.",
                            "name_servers.3": "ns-512.awsdns-00.net.",
                            "tags.%": "0",
                            "vpc_id": "vpc-1916037d",
                            "vpc_region": "eu-west-1",
                            "zone_id": "Z1W500Z0TX2I7B"
                        },
                        "meta": {},
                        "tainted": false
                    },
                    "deposed": [],
                    "provider": ""
                },
                "aws_route_table.public": {
                    "type": "aws_route_table",
                    "depends_on": [
                        "aws_vpc.main"
                    ],
                    "primary": {
                        "id": "rtb-cb49e2ac",
                        "attributes": {
                            "id": "rtb-cb49e2ac",
                            "propagating_vgws.#": "0",
                            "route.#": "0",
                            "tags.%": "1",
                            "tags.Name": "dcos-ftw",
                            "vpc_id": "vpc-1916037d"
                        },
                        "meta": {},
                        "tainted": false
                    },
                    "deposed": [],
                    "provider": ""
                },
                "aws_route_table_association.public": {
                    "type": "aws_route_table_association",
                    "depends_on": [
                        "aws_route_table.public",
                        "aws_subnet.public"
                    ],
                    "primary": {
                        "id": "rtbassoc-66807d00",
                        "attributes": {
                            "id": "rtbassoc-66807d00",
                            "route_table_id": "rtb-cb49e2ac",
                            "subnet_id": "subnet-85540ddd"
                        },
                        "meta": {},
                        "tainted": false
                    },
                    "deposed": [],
                    "provider": ""
                },
                "aws_security_group.agent": {
                    "type": "aws_security_group",
                    "depends_on": [
                        "aws_security_group.dcos",
                        "aws_vpc.main"
                    ],
                    "primary": {
                        "id": "sg-4f31cd36",
                        "attributes": {
                            "description": "agent",
                            "egress.#": "0",
                            "id": "sg-4f31cd36",
                            "ingress.#": "1",
                            "ingress.1278543337.cidr_blocks.#": "0",
                            "ingress.1278543337.from_port": "0",
                            "ingress.1278543337.protocol": "-1",
                            "ingress.1278543337.security_groups.#": "1",
                            "ingress.1278543337.security_groups.983405496": "sg-5531cd2c",
                            "ingress.1278543337.self": "false",
                            "ingress.1278543337.to_port": "0",
                            "name": "agent",
                            "owner_id": "033071084991",
                            "tags.%": "0",
                            "vpc_id": "vpc-1916037d"
                        },
                        "meta": {},
                        "tainted": false
                    },
                    "deposed": [],
                    "provider": ""
                },
                "aws_security_group.agent-public": {
                    "type": "aws_security_group",
                    "depends_on": [
                        "aws_security_group.dcos",
                        "aws_vpc.main"
                    ],
                    "primary": {
                        "id": "sg-4e31cd37",
                        "attributes": {
                            "description": "agent-public",
                            "egress.#": "0",
                            "id": "sg-4e31cd37",
                            "ingress.#": "1",
                            "ingress.1278543337.cidr_blocks.#": "0",
                            "ingress.1278543337.from_port": "0",
                            "ingress.1278543337.protocol": "-1",
                            "ingress.1278543337.security_groups.#": "1",
                            "ingress.1278543337.security_groups.983405496": "sg-5531cd2c",
                            "ingress.1278543337.self": "false",
                            "ingress.1278543337.to_port": "0",
                            "name": "agent-public",
                            "owner_id": "033071084991",
                            "tags.%": "0",
                            "vpc_id": "vpc-1916037d"
                        },
                        "meta": {},
                        "tainted": false
                    },
                    "deposed": [],
                    "provider": ""
                },
                "aws_security_group.base": {
                    "type": "aws_security_group",
                    "depends_on": [
                        "aws_vpc.main"
                    ],
                    "primary": {
                        "id": "sg-5431cd2d",
                        "attributes": {
                            "description": "base",
                            "egress.#": "1",
                            "egress.482069346.cidr_blocks.#": "1",
                            "egress.482069346.cidr_blocks.0": "0.0.0.0/0",
                            "egress.482069346.from_port": "0",
                            "egress.482069346.prefix_list_ids.#": "0",
                            "egress.482069346.protocol": "-1",
                            "egress.482069346.security_groups.#": "0",
                            "egress.482069346.self": "false",
                            "egress.482069346.to_port": "0",
                            "id": "sg-5431cd2d",
                            "ingress.#": "1",
                            "ingress.2541437006.cidr_blocks.#": "1",
                            "ingress.2541437006.cidr_blocks.0": "0.0.0.0/0",
                            "ingress.2541437006.from_port": "22",
                            "ingress.2541437006.protocol": "tcp",
                            "ingress.2541437006.security_groups.#": "0",
                            "ingress.2541437006.self": "false",
                            "ingress.2541437006.to_port": "22",
                            "name": "base",
                            "owner_id": "033071084991",
                            "tags.%": "0",
                            "vpc_id": "vpc-1916037d"
                        },
                        "meta": {},
                        "tainted": false
                    },
                    "deposed": [],
                    "provider": ""
                },
                "aws_security_group.bootstrap": {
                    "type": "aws_security_group",
                    "depends_on": [
                        "aws_security_group.dcos",
                        "aws_vpc.main"
                    ],
                    "primary": {
                        "id": "sg-4d31cd34",
                        "attributes": {
                            "description": "bootstrap",
                            "egress.#": "0",
                            "id": "sg-4d31cd34",
                            "ingress.#": "1",
                            "ingress.3118785178.cidr_blocks.#": "0",
                            "ingress.3118785178.from_port": "80",
                            "ingress.3118785178.protocol": "tcp",
                            "ingress.3118785178.security_groups.#": "1",
                            "ingress.3118785178.security_groups.983405496": "sg-5531cd2c",
                            "ingress.3118785178.self": "false",
                            "ingress.3118785178.to_port": "80",
                            "name": "bootstrap",
                            "owner_id": "033071084991",
                            "tags.%": "0",
                            "vpc_id": "vpc-1916037d"
                        },
                        "meta": {},
                        "tainted": false
                    },
                    "deposed": [],
                    "provider": ""
                },
                "aws_security_group.dcos": {
                    "type": "aws_security_group",
                    "depends_on": [
                        "aws_vpc.main"
                    ],
                    "primary": {
                        "id": "sg-5531cd2c",
                        "attributes": {
                            "description": "dcos",
                            "egress.#": "0",
                            "id": "sg-5531cd2c",
                            "ingress.#": "0",
                            "name": "dcos",
                            "owner_id": "033071084991",
                            "tags.%": "0",
                            "vpc_id": "vpc-1916037d"
                        },
                        "meta": {},
                        "tainted": false
                    },
                    "deposed": [],
                    "provider": ""
                },
                "aws_security_group.master": {
                    "type": "aws_security_group",
                    "depends_on": [
                        "aws_security_group.dcos",
                        "aws_vpc.main"
                    ],
                    "primary": {
                        "id": "sg-4c31cd35",
                        "attributes": {
                            "description": "master",
                            "egress.#": "0",
                            "id": "sg-4c31cd35",
                            "ingress.#": "3",
                            "ingress.1278543337.cidr_blocks.#": "0",
                            "ingress.1278543337.from_port": "0",
                            "ingress.1278543337.protocol": "-1",
                            "ingress.1278543337.security_groups.#": "1",
                            "ingress.1278543337.security_groups.983405496": "sg-5531cd2c",
                            "ingress.1278543337.self": "false",
                            "ingress.1278543337.to_port": "0",
                            "ingress.2214680975.cidr_blocks.#": "1",
                            "ingress.2214680975.cidr_blocks.0": "0.0.0.0/0",
                            "ingress.2214680975.from_port": "80",
                            "ingress.2214680975.protocol": "tcp",
                            "ingress.2214680975.security_groups.#": "0",
                            "ingress.2214680975.self": "false",
                            "ingress.2214680975.to_port": "80",
                            "ingress.2235758297.cidr_blocks.#": "1",
                            "ingress.2235758297.cidr_blocks.0": "0.0.0.0/0",
                            "ingress.2235758297.from_port": "8181",
                            "ingress.2235758297.protocol": "tcp",
                            "ingress.2235758297.security_groups.#": "0",
                            "ingress.2235758297.self": "false",
                            "ingress.2235758297.to_port": "8181",
                            "name": "master",
                            "owner_id": "033071084991",
                            "tags.%": "0",
                            "vpc_id": "vpc-1916037d"
                        },
                        "meta": {},
                        "tainted": false
                    },
                    "deposed": [],
                    "provider": ""
                },
                "aws_subnet.public": {
                    "type": "aws_subnet",
                    "depends_on": [
                        "aws_vpc.main"
                    ],
                    "primary": {
                        "id": "subnet-85540ddd",
                        "attributes": {
                            "assign_ipv6_address_on_creation": "false",
                            "availability_zone": "eu-west-1b",
                            "cidr_block": "10.0.0.0/24",
                            "id": "subnet-85540ddd",
                            "map_public_ip_on_launch": "true",
                            "tags.%": "1",
                            "tags.Name": "dcos-ftw",
                            "vpc_id": "vpc-1916037d"
                        },
                        "meta": {},
                        "tainted": false
                    },
                    "deposed": [],
                    "provider": ""
                },
                "aws_vpc.main": {
                    "type": "aws_vpc",
                    "depends_on": [],
                    "primary": {
                        "id": "vpc-1916037d",
                        "attributes": {
                            "assign_generated_ipv6_cidr_block": "false",
                            "cidr_block": "10.0.0.0/16",
                            "default_network_acl_id": "acl-144e9873",
                            "default_route_table_id": "rtb-c749e2a0",
                            "default_security_group_id": "sg-5931cd20",
                            "dhcp_options_id": "dopt-3c9b2658",
                            "enable_classiclink": "false",
                            "enable_dns_hostnames": "true",
                            "enable_dns_support": "true",
                            "id": "vpc-1916037d",
                            "instance_tenancy": "default",
                            "main_route_table_id": "rtb-c749e2a0",
                            "tags.%": "1",
                            "tags.Name": "dcos-ftw"
                        },
                        "meta": {},
                        "tainted": false
                    },
                    "deposed": [],
                    "provider": ""
                },
                "aws_vpc_dhcp_options.dns_resolver": {
                    "type": "aws_vpc_dhcp_options",
                    "depends_on": [],
                    "primary": {
                        "id": "dopt-a5f36ac1",
                        "attributes": {
                            "domain_name": "dcos.internal",
                            "domain_name_servers.#": "1",
                            "domain_name_servers.0": "AmazonProvidedDNS",
                            "id": "dopt-a5f36ac1",
                            "tags.%": "1",
                            "tags.Name": "dcos-ftw"
                        },
                        "meta": {},
                        "tainted": false
                    },
                    "deposed": [],
                    "provider": ""
                },
                "aws_vpc_dhcp_options_association.dns_resolver": {
                    "type": "aws_vpc_dhcp_options_association",
                    "depends_on": [
                        "aws_vpc.main",
                        "aws_vpc_dhcp_options.dns_resolver"
                    ],
                    "primary": {
                        "id": "dopt-a5f36ac1-vpc-1916037d",
                        "attributes": {
                            "dhcp_options_id": "dopt-a5f36ac1",
                            "id": "dopt-a5f36ac1-vpc-1916037d",
                            "vpc_id": "vpc-1916037d"
                        },
                        "meta": {},
                        "tainted": false
                    },
                    "deposed": [],
                    "provider": ""
                },
                "null_resource.agent-public": {
                    "type": "null_resource",
                    "depends_on": [
                        "aws_instance.agent-public",
                        "aws_instance.agent-public",
                        "aws_instance.agent-public",
                        "aws_instance.bootstrap",
                        "null_resource.master"
                    ],
                    "primary": {
                        "id": "1268393886568001749",
                        "attributes": {
                            "id": "1268393886568001749",
                            "triggers.%": "2",
                            "triggers.instance_id": "i-0be5d9c947775b5c5",
                            "triggers.script_hash": "14041d8728fbccd937d431ff14c462a8adea8608a564a020b636d1ef548756ab"
                        },
                        "meta": {},
                        "tainted": false
                    },
                    "deposed": [],
                    "provider": ""
                },
                "null_resource.agent.0": {
                    "type": "null_resource",
                    "depends_on": [
                        "aws_instance.agent",
                        "aws_instance.agent",
                        "aws_instance.agent",
                        "aws_instance.bootstrap",
                        "null_resource.master"
                    ],
                    "primary": {
                        "id": "8497188879813971195",
                        "attributes": {
                            "id": "8497188879813971195",
                            "triggers.%": "2",
                            "triggers.instance_id": "i-0defa1a7bb0e66962",
                            "triggers.script_hash": "14041d8728fbccd937d431ff14c462a8adea8608a564a020b636d1ef548756ab"
                        },
                        "meta": {},
                        "tainted": false
                    },
                    "deposed": [],
                    "provider": ""
                },
                "null_resource.agent.1": {
                    "type": "null_resource",
                    "depends_on": [
                        "aws_instance.agent",
                        "aws_instance.agent",
                        "aws_instance.agent",
                        "aws_instance.bootstrap",
                        "null_resource.master"
                    ],
                    "primary": {
                        "id": "7874925149661986540",
                        "attributes": {
                            "id": "7874925149661986540",
                            "triggers.%": "2",
                            "triggers.instance_id": "i-0f96dfbed677d119c",
                            "triggers.script_hash": "14041d8728fbccd937d431ff14c462a8adea8608a564a020b636d1ef548756ab"
                        },
                        "meta": {},
                        "tainted": false
                    },
                    "deposed": [],
                    "provider": ""
                },
                "null_resource.agent.2": {
                    "type": "null_resource",
                    "depends_on": [
                        "aws_instance.agent",
                        "aws_instance.agent",
                        "aws_instance.agent",
                        "aws_instance.bootstrap",
                        "null_resource.master"
                    ],
                    "primary": {
                        "id": "7156636874968704113",
                        "attributes": {
                            "id": "7156636874968704113",
                            "triggers.%": "2",
                            "triggers.instance_id": "i-04036042b7194e9ce",
                            "triggers.script_hash": "14041d8728fbccd937d431ff14c462a8adea8608a564a020b636d1ef548756ab"
                        },
                        "meta": {},
                        "tainted": false
                    },
                    "deposed": [],
                    "provider": ""
                },
                "null_resource.agent.3": {
                    "type": "null_resource",
                    "depends_on": [
                        "aws_instance.agent",
                        "aws_instance.agent",
                        "aws_instance.agent",
                        "aws_instance.bootstrap",
                        "null_resource.master"
                    ],
                    "primary": {
                        "id": "1429752085293878841",
                        "attributes": {
                            "id": "1429752085293878841",
                            "triggers.%": "2",
                            "triggers.instance_id": "i-011d4331df9a6de0e",
                            "triggers.script_hash": "14041d8728fbccd937d431ff14c462a8adea8608a564a020b636d1ef548756ab"
                        },
                        "meta": {},
                        "tainted": false
                    },
                    "deposed": [],
                    "provider": ""
                },
                "null_resource.agent.4": {
                    "type": "null_resource",
                    "depends_on": [
                        "aws_instance.agent",
                        "aws_instance.agent",
                        "aws_instance.agent",
                        "aws_instance.bootstrap",
                        "null_resource.master"
                    ],
                    "primary": {
                        "id": "8446471774010882323",
                        "attributes": {
                            "id": "8446471774010882323",
                            "triggers.%": "2",
                            "triggers.instance_id": "i-03335acebf2382f3f",
                            "triggers.script_hash": "14041d8728fbccd937d431ff14c462a8adea8608a564a020b636d1ef548756ab"
                        },
                        "meta": {},
                        "tainted": false
                    },
                    "deposed": [],
                    "provider": ""
                },
                "null_resource.agent.5": {
                    "type": "null_resource",
                    "depends_on": [
                        "aws_instance.agent",
                        "aws_instance.agent",
                        "aws_instance.agent",
                        "aws_instance.bootstrap",
                        "null_resource.master"
                    ],
                    "primary": {
                        "id": "3903059577691738950",
                        "attributes": {
                            "id": "3903059577691738950",
                            "triggers.%": "2",
                            "triggers.instance_id": "i-07dd35c4e6098e9d3",
                            "triggers.script_hash": "14041d8728fbccd937d431ff14c462a8adea8608a564a020b636d1ef548756ab"
                        },
                        "meta": {},
                        "tainted": false
                    },
                    "deposed": [],
                    "provider": ""
                },
                "null_resource.agent.6": {
                    "type": "null_resource",
                    "depends_on": [
                        "aws_instance.agent",
                        "aws_instance.agent",
                        "aws_instance.agent",
                        "aws_instance.bootstrap",
                        "null_resource.master"
                    ],
                    "primary": {
                        "id": "5970438376719321019",
                        "attributes": {
                            "id": "5970438376719321019",
                            "triggers.%": "2",
                            "triggers.instance_id": "i-05fcb6fc3d96bcec4",
                            "triggers.script_hash": "14041d8728fbccd937d431ff14c462a8adea8608a564a020b636d1ef548756ab"
                        },
                        "meta": {},
                        "tainted": false
                    },
                    "deposed": [],
                    "provider": ""
                },
                "null_resource.agent.7": {
                    "type": "null_resource",
                    "depends_on": [
                        "aws_instance.agent",
                        "aws_instance.agent",
                        "aws_instance.agent",
                        "aws_instance.bootstrap",
                        "null_resource.master"
                    ],
                    "primary": {
                        "id": "5095586510158221671",
                        "attributes": {
                            "id": "5095586510158221671",
                            "triggers.%": "2",
                            "triggers.instance_id": "i-0b4ed1453fc763759",
                            "triggers.script_hash": "14041d8728fbccd937d431ff14c462a8adea8608a564a020b636d1ef548756ab"
                        },
                        "meta": {},
                        "tainted": false
                    },
                    "deposed": [],
                    "provider": ""
                },
                "null_resource.agent.8": {
                    "type": "null_resource",
                    "depends_on": [
                        "aws_instance.agent",
                        "aws_instance.agent",
                        "aws_instance.agent",
                        "aws_instance.bootstrap",
                        "null_resource.master"
                    ],
                    "primary": {
                        "id": "381733376253575882",
                        "attributes": {
                            "id": "381733376253575882",
                            "triggers.%": "2",
                            "triggers.instance_id": "i-05dacb7b93bb14c18",
                            "triggers.script_hash": "14041d8728fbccd937d431ff14c462a8adea8608a564a020b636d1ef548756ab"
                        },
                        "meta": {},
                        "tainted": false
                    },
                    "deposed": [],
                    "provider": ""
                },
                "null_resource.agent.9": {
                    "type": "null_resource",
                    "depends_on": [
                        "aws_instance.agent",
                        "aws_instance.agent",
                        "aws_instance.agent",
                        "aws_instance.bootstrap",
                        "null_resource.master"
                    ],
                    "primary": {
                        "id": "9019329463733074499",
                        "attributes": {
                            "id": "9019329463733074499",
                            "triggers.%": "2",
                            "triggers.instance_id": "i-025c9c77ac474a8c8",
                            "triggers.script_hash": "14041d8728fbccd937d431ff14c462a8adea8608a564a020b636d1ef548756ab"
                        },
                        "meta": {},
                        "tainted": false
                    },
                    "deposed": [],
                    "provider": ""
                },
                "null_resource.bootstrap": {
                    "type": "null_resource",
                    "depends_on": [
                        "aws_instance.bootstrap",
                        "aws_instance.bootstrap",
                        "aws_instance.bootstrap",
                        "aws_instance.master"
                    ],
                    "primary": {
                        "id": "3591235602822511823",
                        "attributes": {
                            "id": "3591235602822511823",
                            "triggers.%": "2",
                            "triggers.instance_id": "i-0e4f0c68790b2770b",
                            "triggers.script_hash": "f41e7c7291ee9769a0635942a4d8f6d2c8fffe69412d502d189f55dda3b1e0dc"
                        },
                        "meta": {},
                        "tainted": false
                    },
                    "deposed": [],
                    "provider": ""
                },
                "null_resource.master": {
                    "type": "null_resource",
                    "depends_on": [
                        "aws_instance.bootstrap",
                        "aws_instance.master",
                        "aws_instance.master",
                        "aws_instance.master",
                        "null_resource.bootstrap"
                    ],
                    "primary": {
                        "id": "2188781237234750380",
                        "attributes": {
                            "id": "2188781237234750380",
                            "triggers.%": "2",
                            "triggers.instance_id": "i-092c794d333edc8cc",
                            "triggers.script_hash": "14041d8728fbccd937d431ff14c462a8adea8608a564a020b636d1ef548756ab"
                        },
                        "meta": {},
                        "tainted": false
                    },
                    "deposed": [],
                    "provider": ""
                }
            },
            "depends_on": []
        }
    ]
}
